
Microsoft Visual Studio Solution File, Format Version 12.00
# Visual Studio 15
VisualStudioVersion = 15.0.26124.0
MinimumVisualStudioVersion = 15.0.26124.0
Project("{FAE04EC0-301F-11D3-BF4B-00C04F79EFBC}") = "API", "API\API.csproj", "{B4E474B8-8D5D-4AB1-AF41-A6B22D441BCC}"
EndProject
Project("{FAE04EC0-301F-11D3-BF4B-00C04F79EFBC}") = "Core", "Core\Core.csproj", "{FD2FB811-7CC1-4090-A269-4BE8644C0711}"
EndProject
Project("{FAE04EC0-301F-11D3-BF4B-00C04F79EFBC}") = "Infrastructure", "Infrastructure\Infrastructure.csproj", "{338A54F6-48AB-410C-BFFB-0C3FEDBB1FAE}"
EndProject
Global
	GlobalSection(SolutionConfigurationPlatforms) = preSolution
		Debug|Any CPU = Debug|Any CPU
		Debug|x64 = Debug|x64
		Debug|x86 = Debug|x86
		Release|Any CPU = Release|Any CPU
		Release|x64 = Release|x64
		Release|x86 = Release|x86
	EndGlobalSection
	GlobalSection(SolutionProperties) = preSolution
		HideSolutionNode = FALSE
	EndGlobalSection
	GlobalSection(ProjectConfigurationPlatforms) = postSolution
		{B4E474B8-8D5D-4AB1-AF41-A6B22D441BCC}.Debug|Any CPU.ActiveCfg = Debug|Any CPU
		{B4E474B8-8D5D-4AB1-AF41-A6B22D441BCC}.Debug|Any CPU.Build.0 = Debug|Any CPU
		{B4E474B8-8D5D-4AB1-AF41-A6B22D441BCC}.Debug|x64.ActiveCfg = Debug|Any CPU
		{B4E474B8-8D5D-4AB1-AF41-A6B22D441BCC}.Debug|x64.Build.0 = Debug|Any CPU
		{B4E474B8-8D5D-4AB1-AF41-A6B22D441BCC}.Debug|x86.ActiveCfg = Debug|Any CPU
		{B4E474B8-8D5D-4AB1-AF41-A6B22D441BCC}.Debug|x86.Build.0 = Debug|Any CPU
		{B4E474B8-8D5D-4AB1-AF41-A6B22D441BCC}.Release|Any CPU.ActiveCfg = Release|Any CPU
		{B4E474B8-8D5D-4AB1-AF41-A6B22D441BCC}.Release|Any CPU.Build.0 = Release|Any CPU
		{B4E474B8-8D5D-4AB1-AF41-A6B22D441BCC}.Release|x64.ActiveCfg = Release|Any CPU
		{B4E474B8-8D5D-4AB1-AF41-A6B22D441BCC}.Release|x64.Build.0 = Release|Any CPU
		{B4E474B8-8D5D-4AB1-AF41-A6B22D441BCC}.Release|x86.ActiveCfg = Release|Any CPU
		{B4E474B8-8D5D-4AB1-AF41-A6B22D441BCC}.Release|x86.Build.0 = Release|Any CPU
		{FD2FB811-7CC1-4090-A269-4BE8644C0711}.Debug|Any CPU.ActiveCfg = Debug|Any CPU
		{FD2FB811-7CC1-4090-A269-4BE8644C0711}.Debug|Any CPU.Build.0 = Debug|Any CPU
		{FD2FB811-7CC1-4090-A269-4BE8644C0711}.Debug|x64.ActiveCfg = Debug|Any CPU
		{FD2FB811-7CC1-4090-A269-4BE8644C0711}.Debug|x64.Build.0 = Debug|Any CPU
		{FD2FB811-7CC1-4090-A269-4BE8644C0711}.Debug|x86.ActiveCfg = Debug|Any CPU
		{FD2FB811-7CC1-4090-A269-4BE8644C0711}.Debug|x86.Build.0 = Debug|Any CPU
		{FD2FB811-7CC1-4090-A269-4BE8644C0711}.Release|Any CPU.ActiveCfg = Release|Any CPU
		{FD2FB811-7CC1-4090-A269-4BE8644C0711}.Release|Any CPU.Build.0 = Release|Any CPU
		{FD2FB811-7CC1-4090-A269-4BE8644C0711}.Release|x64.ActiveCfg = Release|Any CPU
		{FD2FB811-7CC1-4090-A269-4BE8644C0711}.Release|x64.Build.0 = Release|Any CPU
		{FD2FB811-7CC1-4090-A269-4BE8644C0711}.Release|x86.ActiveCfg = Release|Any CPU
		{FD2FB811-7CC1-4090-A269-4BE8644C0711}.Release|x86.Build.0 = Release|Any CPU
		{338A54F6-48AB-410C-BFFB-0C3FEDBB1FAE}.Debug|Any CPU.ActiveCfg = Debug|Any CPU
		{338A54F6-48AB-410C-BFFB-0C3FEDBB1FAE}.Debug|Any CPU.Build.0 = Debug|Any CPU
		{338A54F6-48AB-410C-BFFB-0C3FEDBB1FAE}.Debug|x64.ActiveCfg = Debug|Any CPU
		{338A54F6-48AB-410C-BFFB-0C3FEDBB1FAE}.Debug|x64.Build.0 = Debug|Any CPU
		{338A54F6-48AB-410C-BFFB-0C3FEDBB1FAE}.Debug|x86.ActiveCfg = Debug|Any CPU
		{338A54F6-48AB-410C-BFFB-0C3FEDBB1FAE}.Debug|x86.Build.0 = Debug|Any CPU
		{338A54F6-48AB-410C-BFFB-0C3FEDBB1FAE}.Release|Any CPU.ActiveCfg = Release|Any CPU
		{338A54F6-48AB-410C-BFFB-0C3FEDBB1FAE}.Release|Any CPU.Build.0 = Release|Any CPU
		{338A54F6-48AB-410C-BFFB-0C3FEDBB1FAE}.Release|x64.ActiveCfg = Release|Any CPU
		{338A54F6-48AB-410C-BFFB-0C3FEDBB1FAE}.Release|x64.Build.0 = Release|Any CPU
		{338A54F6-48AB-410C-BFFB-0C3FEDBB1FAE}.Release|x86.ActiveCfg = Release|Any CPU
		{338A54F6-48AB-410C-BFFB-0C3FEDBB1FAE}.Release|x86.Build.0 = Release|Any CPU
	EndGlobalSection
EndGlobal
